
Microsoft Visual Studio Solution File, Format Version 12.00
# Visual Studio Version 16
VisualStudioVersion = 16.0.30717.126
MinimumVisualStudioVersion = 10.0.40219.1
Project("{FAE04EC0-301F-11D3-BF4B-00C04F79EFBC}") = "MaterialManagement.web", "MaterialManagement.web\MaterialManagement.web.csproj", "{DA0753E0-FAA8-4E4A-B92F-664E3E7D788A}"
EndProject
Project("{FAE04EC0-301F-11D3-BF4B-00C04F79EFBC}") = "Models", "Models\Models.csproj", "{9D0B66E4-3763-4C13-93E4-B85CA70D472E}"
EndProject
Project("{FAE04EC0-301F-11D3-BF4B-00C04F79EFBC}") = "DAL", "DAL\DAL.csproj", "{A17C29CC-E4F2-4126-A524-E525AC9DF9B2}"
EndProject
Global
	GlobalSection(SolutionConfigurationPlatforms) = preSolution
		Debug|Any CPU = Debug|Any CPU
		Release|Any CPU = Release|Any CPU
	EndGlobalSection
	GlobalSection(ProjectConfigurationPlatforms) = postSolution
		{DA0753E0-FAA8-4E4A-B92F-664E3E7D788A}.Debug|Any CPU.ActiveCfg = Debug|Any CPU
		{DA0753E0-FAA8-4E4A-B92F-664E3E7D788A}.Debug|Any CPU.Build.0 = Debug|Any CPU
		{DA0753E0-FAA8-4E4A-B92F-664E3E7D788A}.Release|Any CPU.ActiveCfg = Release|Any CPU
		{DA0753E0-FAA8-4E4A-B92F-664E3E7D788A}.Release|Any CPU.Build.0 = Release|Any CPU
		{9D0B66E4-3763-4C13-93E4-B85CA70D472E}.Debug|Any CPU.ActiveCfg = Debug|Any CPU
		{9D0B66E4-3763-4C13-93E4-B85CA70D472E}.Debug|Any CPU.Build.0 = Debug|Any CPU
		{9D0B66E4-3763-4C13-93E4-B85CA70D472E}.Release|Any CPU.ActiveCfg = Release|Any CPU
		{9D0B66E4-3763-4C13-93E4-B85CA70D472E}.Release|Any CPU.Build.0 = Release|Any CPU
		{A17C29CC-E4F2-4126-A524-E525AC9DF9B2}.Debug|Any CPU.ActiveCfg = Debug|Any CPU
		{A17C29CC-E4F2-4126-A524-E525AC9DF9B2}.Debug|Any CPU.Build.0 = Debug|Any CPU
		{A17C29CC-E4F2-4126-A524-E525AC9DF9B2}.Release|Any CPU.ActiveCfg = Release|Any CPU
		{A17C29CC-E4F2-4126-A524-E525AC9DF9B2}.Release|Any CPU.Build.0 = Release|Any CPU
	EndGlobalSection
	GlobalSection(SolutionProperties) = preSolution
		HideSolutionNode = FALSE
	EndGlobalSection
	GlobalSection(ExtensibilityGlobals) = postSolution
		SolutionGuid = {6100A2E6-4222-4425-8245-213483AE6DD8}
	EndGlobalSection
EndGlobal
